
Microsoft Visual Studio Solution File, Format Version 12.00
Project("{FAE04EC0-301F-11D3-BF4B-00C04F79EFBC}") = "FelisBroker.Interfaces", "FelisBroker.Interfaces\FelisBroker.Interfaces.csproj", "{36A3F8C1-AAD1-46EA-A9BD-357DE08FCE64}"
EndProject
Project("{FAE04EC0-301F-11D3-BF4B-00C04F79EFBC}") = "FelisBroker.Common", "FelisBroker.Common\FelisBroker.Common.csproj", "{C46BC4A6-EF9C-4E62-9764-C8ECC4F67DE8}"
EndProject
Project("{FAE04EC0-301F-11D3-BF4B-00C04F79EFBC}") = "FelisBroker.DataSource.RedisPubSub", "FelisBroker.DataSource.RedisPubSub\FelisBroker.DataSource.RedisPubSub.csproj", "{435705B4-F23A-4243-A3FA-3B5C78DE1D3F}"
EndProject
Project("{FAE04EC0-301F-11D3-BF4B-00C04F79EFBC}") = "FelisBroker.DataSource.RabbitMq", "FelisBroker.DataSource.RabbitMq\FelisBroker.DataSource.RabbitMq.csproj", "{FAF08F60-B0FA-4605-A815-8F0F25A8CFD1}"
EndProject
Project("{FAE04EC0-301F-11D3-BF4B-00C04F79EFBC}") = "FelisBroker.DataSource.Mqtt", "FelisBroker.DataSource.Mqtt\FelisBroker.DataSource.Mqtt.csproj", "{C45E404A-295F-44CC-939A-077C0839BAF2}"
EndProject
Project("{FAE04EC0-301F-11D3-BF4B-00C04F79EFBC}") = "FelisBroker.Services", "FelisBroker.Services\FelisBroker.Services.csproj", "{21AD4545-FACB-4886-976E-1BE4316DA26F}"
EndProject
Project("{FAE04EC0-301F-11D3-BF4B-00C04F79EFBC}") = "FelisBroker.Services.Test", "FelisBroker.Services.Test\FelisBroker.Services.Test.csproj", "{CD700BAD-4837-4C26-AB7D-759288F8CBB5}"
EndProject
Project("{FAE04EC0-301F-11D3-BF4B-00C04F79EFBC}") = "FelisBroker.DataSource.Http", "FelisBroker.DataSource.Http\FelisBroker.DataSource.Http.csproj", "{035A6D2D-C4CA-47FA-843D-A0A57D599EE3}"
EndProject
Global
	GlobalSection(SolutionConfigurationPlatforms) = preSolution
		Debug|Any CPU = Debug|Any CPU
		Release|Any CPU = Release|Any CPU
	EndGlobalSection
	GlobalSection(ProjectConfigurationPlatforms) = postSolution
		{36A3F8C1-AAD1-46EA-A9BD-357DE08FCE64}.Debug|Any CPU.ActiveCfg = Debug|Any CPU
		{36A3F8C1-AAD1-46EA-A9BD-357DE08FCE64}.Debug|Any CPU.Build.0 = Debug|Any CPU
		{36A3F8C1-AAD1-46EA-A9BD-357DE08FCE64}.Release|Any CPU.ActiveCfg = Release|Any CPU
		{36A3F8C1-AAD1-46EA-A9BD-357DE08FCE64}.Release|Any CPU.Build.0 = Release|Any CPU
		{C46BC4A6-EF9C-4E62-9764-C8ECC4F67DE8}.Debug|Any CPU.ActiveCfg = Debug|Any CPU
		{C46BC4A6-EF9C-4E62-9764-C8ECC4F67DE8}.Debug|Any CPU.Build.0 = Debug|Any CPU
		{C46BC4A6-EF9C-4E62-9764-C8ECC4F67DE8}.Release|Any CPU.ActiveCfg = Release|Any CPU
		{C46BC4A6-EF9C-4E62-9764-C8ECC4F67DE8}.Release|Any CPU.Build.0 = Release|Any CPU
		{435705B4-F23A-4243-A3FA-3B5C78DE1D3F}.Debug|Any CPU.ActiveCfg = Debug|Any CPU
		{435705B4-F23A-4243-A3FA-3B5C78DE1D3F}.Debug|Any CPU.Build.0 = Debug|Any CPU
		{435705B4-F23A-4243-A3FA-3B5C78DE1D3F}.Release|Any CPU.ActiveCfg = Release|Any CPU
		{435705B4-F23A-4243-A3FA-3B5C78DE1D3F}.Release|Any CPU.Build.0 = Release|Any CPU
		{FAF08F60-B0FA-4605-A815-8F0F25A8CFD1}.Debug|Any CPU.ActiveCfg = Debug|Any CPU
		{FAF08F60-B0FA-4605-A815-8F0F25A8CFD1}.Debug|Any CPU.Build.0 = Debug|Any CPU
		{FAF08F60-B0FA-4605-A815-8F0F25A8CFD1}.Release|Any CPU.ActiveCfg = Release|Any CPU
		{FAF08F60-B0FA-4605-A815-8F0F25A8CFD1}.Release|Any CPU.Build.0 = Release|Any CPU
		{C45E404A-295F-44CC-939A-077C0839BAF2}.Debug|Any CPU.ActiveCfg = Debug|Any CPU
		{C45E404A-295F-44CC-939A-077C0839BAF2}.Debug|Any CPU.Build.0 = Debug|Any CPU
		{C45E404A-295F-44CC-939A-077C0839BAF2}.Release|Any CPU.ActiveCfg = Release|Any CPU
		{C45E404A-295F-44CC-939A-077C0839BAF2}.Release|Any CPU.Build.0 = Release|Any CPU
		{21AD4545-FACB-4886-976E-1BE4316DA26F}.Debug|Any CPU.ActiveCfg = Debug|Any CPU
		{21AD4545-FACB-4886-976E-1BE4316DA26F}.Debug|Any CPU.Build.0 = Debug|Any CPU
		{21AD4545-FACB-4886-976E-1BE4316DA26F}.Release|Any CPU.ActiveCfg = Release|Any CPU
		{21AD4545-FACB-4886-976E-1BE4316DA26F}.Release|Any CPU.Build.0 = Release|Any CPU
		{CD700BAD-4837-4C26-AB7D-759288F8CBB5}.Debug|Any CPU.ActiveCfg = Debug|Any CPU
		{CD700BAD-4837-4C26-AB7D-759288F8CBB5}.Debug|Any CPU.Build.0 = Debug|Any CPU
		{CD700BAD-4837-4C26-AB7D-759288F8CBB5}.Release|Any CPU.ActiveCfg = Release|Any CPU
		{CD700BAD-4837-4C26-AB7D-759288F8CBB5}.Release|Any CPU.Build.0 = Release|Any CPU
		{035A6D2D-C4CA-47FA-843D-A0A57D599EE3}.Debug|Any CPU.ActiveCfg = Debug|Any CPU
		{035A6D2D-C4CA-47FA-843D-A0A57D599EE3}.Debug|Any CPU.Build.0 = Debug|Any CPU
		{035A6D2D-C4CA-47FA-843D-A0A57D599EE3}.Release|Any CPU.ActiveCfg = Release|Any CPU
		{035A6D2D-C4CA-47FA-843D-A0A57D599EE3}.Release|Any CPU.Build.0 = Release|Any CPU
	EndGlobalSection
EndGlobal
